
Microsoft Visual Studio Solution File, Format Version 12.00
# Visual Studio Version 16
VisualStudioVersion = 16.0.34931.43
MinimumVisualStudioVersion = 10.0.40219.1
Project("{FAE04EC0-301F-11D3-BF4B-00C04F79EFBC}") = "WindowsFormsApplication3", "WindowsFormsApplication3\WindowsFormsApplication3.csproj", "{40951DFC-B07E-4052-A348-83873E03E1D0}"
EndProject
Global
	GlobalSection(SolutionConfigurationPlatforms) = preSolution
		Debug|Any CPU = Debug|Any CPU
		Debug|x64 = Debug|x64
		Release|Any CPU = Release|Any CPU
		Release|x64 = Release|x64
	EndGlobalSection
	GlobalSection(ProjectConfigurationPlatforms) = postSolution
		{40951DFC-B07E-4052-A348-83873E03E1D0}.Debug|Any CPU.ActiveCfg = Debug|Any CPU
		{40951DFC-B07E-4052-A348-83873E03E1D0}.Debug|Any CPU.Build.0 = Debug|Any CPU
		{40951DFC-B07E-4052-A348-83873E03E1D0}.Debug|x64.ActiveCfg = Debug|x64
		{40951DFC-B07E-4052-A348-83873E03E1D0}.Debug|x64.Build.0 = Debug|x64
		{40951DFC-B07E-4052-A348-83873E03E1D0}.Release|Any CPU.ActiveCfg = Release|Any CPU
		{40951DFC-B07E-4052-A348-83873E03E1D0}.Release|Any CPU.Build.0 = Release|Any CPU
		{40951DFC-B07E-4052-A348-83873E03E1D0}.Release|x64.ActiveCfg = Release|x64
		{40951DFC-B07E-4052-A348-83873E03E1D0}.Release|x64.Build.0 = Release|x64
	EndGlobalSection
	GlobalSection(SolutionProperties) = preSolution
		HideSolutionNode = FALSE
	EndGlobalSection
	GlobalSection(ExtensibilityGlobals) = postSolution
		SolutionGuid = {9EEE6FF4-5898-4BB0-A01C-00F0D1FCEDF3}
	EndGlobalSection
EndGlobal
